
Microsoft Visual Studio Solution File, Format Version 12.00
# Visual Studio 15
VisualStudioVersion = 15.0.27130.2003
MinimumVisualStudioVersion = 10.0.40219.1
Project("{FAE04EC0-301F-11D3-BF4B-00C04F79EFBC}") = "DAL", "DAL\DAL.csproj", "{5A5AD652-71D2-43DB-BAB0-220E5D2555FB}"
EndProject
Project("{FAE04EC0-301F-11D3-BF4B-00C04F79EFBC}") = "Site", "Site\Site.csproj", "{73E34A1E-24A4-4150-8D68-65B882230325}"
EndProject
Global
	GlobalSection(SolutionConfigurationPlatforms) = preSolution
		Debug|Any CPU = Debug|Any CPU
		Release|Any CPU = Release|Any CPU
	EndGlobalSection
	GlobalSection(ProjectConfigurationPlatforms) = postSolution
		{5A5AD652-71D2-43DB-BAB0-220E5D2555FB}.Debug|Any CPU.ActiveCfg = Debug|Any CPU
		{5A5AD652-71D2-43DB-BAB0-220E5D2555FB}.Debug|Any CPU.Build.0 = Debug|Any CPU
		{5A5AD652-71D2-43DB-BAB0-220E5D2555FB}.Release|Any CPU.ActiveCfg = Release|Any CPU
		{5A5AD652-71D2-43DB-BAB0-220E5D2555FB}.Release|Any CPU.Build.0 = Release|Any CPU
		{73E34A1E-24A4-4150-8D68-65B882230325}.Debug|Any CPU.ActiveCfg = Debug|Any CPU
		{73E34A1E-24A4-4150-8D68-65B882230325}.Debug|Any CPU.Build.0 = Debug|Any CPU
		{73E34A1E-24A4-4150-8D68-65B882230325}.Release|Any CPU.ActiveCfg = Release|Any CPU
		{73E34A1E-24A4-4150-8D68-65B882230325}.Release|Any CPU.Build.0 = Release|Any CPU
	EndGlobalSection
	GlobalSection(SolutionProperties) = preSolution
		HideSolutionNode = FALSE
	EndGlobalSection
	GlobalSection(ExtensibilityGlobals) = postSolution
		SolutionGuid = {94766F7F-5FCD-4EFD-BA83-1485A662697B}
	EndGlobalSection
EndGlobal
